
Microsoft Visual Studio Solution File, Format Version 12.00
# Visual Studio Version 17
VisualStudioVersion = 17.3.32901.215
MinimumVisualStudioVersion = 10.0.40219.1
Project("{8BC9CEB8-8B4A-11D0-8D11-00A0C91BC942}") = "Hangman", "Hangman\Hangman.vcxproj", "{FE459552-214B-4CCA-B18B-E4B515E64CFB}"
EndProject
Global
	GlobalSection(SolutionConfigurationPlatforms) = preSolution
		Debug|x64 = Debug|x64
		Debug|x86 = Debug|x86
		Release|x64 = Release|x64
		Release|x86 = Release|x86
	EndGlobalSection
	GlobalSection(ProjectConfigurationPlatforms) = postSolution
		{FE459552-214B-4CCA-B18B-E4B515E64CFB}.Debug|x64.ActiveCfg = Debug|x64
		{FE459552-214B-4CCA-B18B-E4B515E64CFB}.Debug|x64.Build.0 = Debug|x64
		{FE459552-214B-4CCA-B18B-E4B515E64CFB}.Debug|x86.ActiveCfg = Debug|Win32
		{FE459552-214B-4CCA-B18B-E4B515E64CFB}.Debug|x86.Build.0 = Debug|Win32
		{FE459552-214B-4CCA-B18B-E4B515E64CFB}.Release|x64.ActiveCfg = Release|x64
		{FE459552-214B-4CCA-B18B-E4B515E64CFB}.Release|x64.Build.0 = Release|x64
		{FE459552-214B-4CCA-B18B-E4B515E64CFB}.Release|x86.ActiveCfg = Release|Win32
		{FE459552-214B-4CCA-B18B-E4B515E64CFB}.Release|x86.Build.0 = Release|Win32
	EndGlobalSection
	GlobalSection(SolutionProperties) = preSolution
		HideSolutionNode = FALSE
	EndGlobalSection
	GlobalSection(ExtensibilityGlobals) = postSolution
		SolutionGuid = {B8F6C377-FF02-4080-8AC0-338E1731031D}
	EndGlobalSection
EndGlobal
